{
  "checksum": "e63ac2c5c18108c5a6bd8c3f220f52531f094d3d2a22c97760f081d5af77c200",
  "crates": {
    "main_bin_crate 0.1.0": {
      "name": "main_bin_crate",
      "version": "0.1.0",
      "repository": null,
      "targets": [],
      "library_target_name": null,
      "common_attrs": {
        "compile_data_glob": [
          "**"
        ],
        "edition": "2021",
        "version": "0.1.0"
      },
      "license": null
    }
  },
  "binary_crates": [],
  "workspace_members": {
    "main_bin_crate 0.1.0": "main_bin_crate"
  },
  "conditions": {
    "x86_64-apple-darwin": [
      "x86_64-apple-darwin"
    ],
    "x86_64-unknown-linux-gnu": [
      "x86_64-unknown-linux-gnu"
    ]
  },
  "direct_deps": [],
  "direct_dev_deps": []
}
