{
  "checksum": "3e56896716111ab796e7aba90480e7ff4a560455be0e03533ee295875a22b094",
  "crates": {
    "anstream 0.6.5": {
      "name": "anstream",
      "version": "0.6.5",
      "repository": {
        "Http": {
          "url": "https://crates.io/api/v1/crates/anstream/0.6.5/download",
          "sha256": "d664a92ecae85fd0a7392615844904654d1d5f5514837f471ddef4a057aba1b6"
        }
      },
      "targets": [
        {
          "Library": {
            "crate_name": "anstream",
            "crate_root": "src/lib.rs",
            "srcs": [
              "**/*.rs"
            ]
          }
        }
      ],
      "library_target_name": "anstream",
      "common_attrs": {
        "compile_data_glob": [
          "**"
        ],
        "crate_features": {
          "common": [
            "auto",
            "default",
            "wincon"
          ],
          "selects": {}
        },
        "deps": {
          "common": [
            {
              "id": "anstyle 1.0.4",
              "target": "anstyle"
            },
            {
              "id": "anstyle-parse 0.2.3",
              "target": "anstyle_parse"
            },
            {
              "id": "anstyle-query 1.0.2",
              "target": "anstyle_query"
            },
            {
              "id": "colorchoice 1.0.0",
              "target": "colorchoice"
            },
            {
              "id": "utf8parse 0.2.1",
              "target": "utf8parse"
            }
          ],
          "selects": {
            "cfg(windows)": [
              {
                "id": "anstyle-wincon 3.0.2",
                "target": "anstyle_wincon"
              }
            ]
          }
        },
        "edition": "2021",
        "version": "0.6.5"
      },
      "license": "MIT OR Apache-2.0"
    },
    "anstyle 1.0.4": {
      "name": "anstyle",
      "version": "1.0.4",
      "repository": {
        "Http": {
          "url": "https://crates.io/api/v1/crates/anstyle/1.0.4/download",
          "sha256": "7079075b41f533b8c61d2a4d073c4676e1f8b249ff94a393b0595db304e0dd87"
        }
      },
      "targets": [
        {
          "Library": {
            "crate_name": "anstyle",
            "crate_root": "src/lib.rs",
            "srcs": [
              "**/*.rs"
            ]
          }
        }
      ],
      "library_target_name": "anstyle",
      "common_attrs": {
        "compile_data_glob": [
          "**"
        ],
        "crate_features": {
          "common": [
            "default",
            "std"
          ],
          "selects": {}
        },
        "edition": "2021",
        "version": "1.0.4"
      },
      "license": "MIT OR Apache-2.0"
    },
    "anstyle-parse 0.2.3": {
      "name": "anstyle-parse",
      "version": "0.2.3",
      "repository": {
        "Http": {
          "url": "https://crates.io/api/v1/crates/anstyle-parse/0.2.3/download",
          "sha256": "c75ac65da39e5fe5ab759307499ddad880d724eed2f6ce5b5e8a26f4f387928c"
        }
      },
      "targets": [
        {
          "Library": {
            "crate_name": "anstyle_parse",
            "crate_root": "src/lib.rs",
            "srcs": [
              "**/*.rs"
            ]
          }
        }
      ],
      "library_target_name": "anstyle_parse",
      "common_attrs": {
        "compile_data_glob": [
          "**"
        ],
        "crate_features": {
          "common": [
            "default",
            "utf8"
          ],
          "selects": {}
        },
        "deps": {
          "common": [
            {
              "id": "utf8parse 0.2.1",
              "target": "utf8parse"
            }
          ],
          "selects": {}
        },
        "edition": "2021",
        "version": "0.2.3"
      },
      "license": "MIT OR Apache-2.0"
    },
    "anstyle-query 1.0.2": {
      "name": "anstyle-query",
      "version": "1.0.2",
      "repository": {
        "Http": {
          "url": "https://crates.io/api/v1/crates/anstyle-query/1.0.2/download",
          "sha256": "e28923312444cdd728e4738b3f9c9cac739500909bb3d3c94b43551b16517648"
        }
      },
      "targets": [
        {
          "Library": {
            "crate_name": "anstyle_query",
            "crate_root": "src/lib.rs",
            "srcs": [
              "**/*.rs"
            ]
          }
        }
      ],
      "library_target_name": "anstyle_query",
      "common_attrs": {
        "compile_data_glob": [
          "**"
        ],
        "deps": {
          "common": [],
          "selects": {
            "cfg(windows)": [
              {
                "id": "windows-sys 0.52.0",
                "target": "windows_sys"
              }
            ]
          }
        },
        "edition": "2021",
        "version": "1.0.2"
      },
      "license": "MIT OR Apache-2.0"
    },
    "anstyle-wincon 3.0.2": {
      "name": "anstyle-wincon",
      "version": "3.0.2",
      "repository": {
        "Http": {
          "url": "https://crates.io/api/v1/crates/anstyle-wincon/3.0.2/download",
          "sha256": "1cd54b81ec8d6180e24654d0b371ad22fc3dd083b6ff8ba325b72e00c87660a7"
        }
      },
      "targets": [
        {
          "Library": {
            "crate_name": "anstyle_wincon",
            "crate_root": "src/lib.rs",
            "srcs": [
              "**/*.rs"
            ]
          }
        }
      ],
      "library_target_name": "anstyle_wincon",
      "common_attrs": {
        "compile_data_glob": [
          "**"
        ],
        "deps": {
          "common": [
            {
              "id": "anstyle 1.0.4",
              "target": "anstyle"
            }
          ],
          "selects": {
            "cfg(windows)": [
              {
                "id": "windows-sys 0.52.0",
                "target": "windows_sys"
              }
            ]
          }
        },
        "edition": "2021",
        "version": "3.0.2"
      },
      "license": "MIT OR Apache-2.0"
    },
    "clap 4.4.11": {
      "name": "clap",
      "version": "4.4.11",
      "repository": {
        "Http": {
          "url": "https://crates.io/api/v1/crates/clap/4.4.11/download",
          "sha256": "bfaff671f6b22ca62406885ece523383b9b64022e341e53e009a62ebc47a45f2"
        }
      },
      "targets": [
        {
          "Library": {
            "crate_name": "clap",
            "crate_root": "src/lib.rs",
            "srcs": [
              "**/*.rs"
            ]
          }
        }
      ],
      "library_target_name": "clap",
      "common_attrs": {
        "compile_data_glob": [
          "**"
        ],
        "crate_features": {
          "common": [
            "color",
            "default",
            "derive",
            "error-context",
            "help",
            "std",
            "suggestions",
            "usage"
          ],
          "selects": {}
        },
        "deps": {
          "common": [
            {
              "id": "clap_builder 4.4.11",
              "target": "clap_builder"
            }
          ],
          "selects": {}
        },
        "edition": "2021",
        "proc_macro_deps": {
          "common": [
            {
              "id": "clap_derive 4.4.7",
              "target": "clap_derive"
            }
          ],
          "selects": {}
        },
        "version": "4.4.11"
      },
      "license": "MIT OR Apache-2.0"
    },
    "clap_builder 4.4.11": {
      "name": "clap_builder",
      "version": "4.4.11",
      "repository": {
        "Http": {
          "url": "https://crates.io/api/v1/crates/clap_builder/4.4.11/download",
          "sha256": "a216b506622bb1d316cd51328dce24e07bdff4a6128a47c7e7fad11878d5adbb"
        }
      },
      "targets": [
        {
          "Library": {
            "crate_name": "clap_builder",
            "crate_root": "src/lib.rs",
            "srcs": [
              "**/*.rs"
            ]
          }
        }
      ],
      "library_target_name": "clap_builder",
      "common_attrs": {
        "compile_data_glob": [
          "**"
        ],
        "crate_features": {
          "common": [
            "color",
            "error-context",
            "help",
            "std",
            "suggestions",
            "usage"
          ],
          "selects": {}
        },
        "deps": {
          "common": [
            {
              "id": "anstream 0.6.5",
              "target": "anstream"
            },
            {
              "id": "anstyle 1.0.4",
              "target": "anstyle"
            },
            {
              "id": "clap_lex 0.6.0",
              "target": "clap_lex"
            },
            {
              "id": "strsim 0.10.0",
              "target": "strsim"
            }
          ],
          "selects": {}
        },
        "edition": "2021",
        "version": "4.4.11"
      },
      "license": "MIT OR Apache-2.0"
    },
    "clap_derive 4.4.7": {
      "name": "clap_derive",
      "version": "4.4.7",
      "repository": {
        "Http": {
          "url": "https://crates.io/api/v1/crates/clap_derive/4.4.7/download",
          "sha256": "cf9804afaaf59a91e75b022a30fb7229a7901f60c755489cc61c9b423b836442"
        }
      },
      "targets": [
        {
          "ProcMacro": {
            "crate_name": "clap_derive",
            "crate_root": "src/lib.rs",
            "srcs": [
              "**/*.rs"
            ]
          }
        }
      ],
      "library_target_name": "clap_derive",
      "common_attrs": {
        "compile_data_glob": [
          "**"
        ],
        "crate_features": {
          "common": [
            "default"
          ],
          "selects": {}
        },
        "deps": {
          "common": [
            {
              "id": "heck 0.4.1",
              "target": "heck"
            },
            {
              "id": "proc-macro2 1.0.70",
              "target": "proc_macro2"
            },
            {
              "id": "quote 1.0.33",
              "target": "quote"
            },
            {
              "id": "syn 2.0.41",
              "target": "syn"
            }
          ],
          "selects": {}
        },
        "edition": "2021",
        "version": "4.4.7"
      },
      "license": "MIT OR Apache-2.0"
    },
    "clap_lex 0.6.0": {
      "name": "clap_lex",
      "version": "0.6.0",
      "repository": {
        "Http": {
          "url": "https://crates.io/api/v1/crates/clap_lex/0.6.0/download",
          "sha256": "702fc72eb24e5a1e48ce58027a675bc24edd52096d5397d4aea7c6dd9eca0bd1"
        }
      },
      "targets": [
        {
          "Library": {
            "crate_name": "clap_lex",
            "crate_root": "src/lib.rs",
            "srcs": [
              "**/*.rs"
            ]
          }
        }
      ],
      "library_target_name": "clap_lex",
      "common_attrs": {
        "compile_data_glob": [
          "**"
        ],
        "edition": "2021",
        "version": "0.6.0"
      },
      "license": "MIT OR Apache-2.0"
    },
    "colorchoice 1.0.0": {
      "name": "colorchoice",
      "version": "1.0.0",
      "repository": {
        "Http": {
          "url": "https://crates.io/api/v1/crates/colorchoice/1.0.0/download",
          "sha256": "acbf1af155f9b9ef647e42cdc158db4b64a1b61f743629225fde6f3e0be2a7c7"
        }
      },
      "targets": [
        {
          "Library": {
            "crate_name": "colorchoice",
            "crate_root": "src/lib.rs",
            "srcs": [
              "**/*.rs"
            ]
          }
        }
      ],
      "library_target_name": "colorchoice",
      "common_attrs": {
        "compile_data_glob": [
          "**"
        ],
        "edition": "2021",
        "version": "1.0.0"
      },
      "license": "MIT OR Apache-2.0"
    },
    "heck 0.4.1": {
      "name": "heck",
      "version": "0.4.1",
      "repository": {
        "Http": {
          "url": "https://crates.io/api/v1/crates/heck/0.4.1/download",
          "sha256": "95505c38b4572b2d910cecb0281560f54b440a19336cbbcb27bf6ce6adc6f5a8"
        }
      },
      "targets": [
        {
          "Library": {
            "crate_name": "heck",
            "crate_root": "src/lib.rs",
            "srcs": [
              "**/*.rs"
            ]
          }
        }
      ],
      "library_target_name": "heck",
      "common_attrs": {
        "compile_data_glob": [
          "**"
        ],
        "crate_features": {
          "common": [
            "default"
          ],
          "selects": {}
        },
        "edition": "2018",
        "version": "0.4.1"
      },
      "license": "MIT OR Apache-2.0"
    },
    "linked-hash-map 0.5.6": {
      "name": "linked-hash-map",
      "version": "0.5.6",
      "repository": {
        "Http": {
          "url": "https://crates.io/api/v1/crates/linked-hash-map/0.5.6/download",
          "sha256": "0717cef1bc8b636c6e1c1bbdefc09e6322da8a9321966e8928ef80d20f7f770f"
        }
      },
      "targets": [
        {
          "Library": {
            "crate_name": "linked_hash_map",
            "crate_root": "src/lib.rs",
            "srcs": [
              "**/*.rs"
            ]
          }
        }
      ],
      "library_target_name": "linked_hash_map",
      "common_attrs": {
        "compile_data_glob": [
          "**"
        ],
        "edition": "2015",
        "version": "0.5.6"
      },
      "license": "MIT/Apache-2.0"
    },
    "proc-macro2 1.0.70": {
      "name": "proc-macro2",
      "version": "1.0.70",
      "repository": {
        "Http": {
          "url": "https://crates.io/api/v1/crates/proc-macro2/1.0.70/download",
          "sha256": "39278fbbf5fb4f646ce651690877f89d1c5811a3d4acb27700c1cb3cdb78fd3b"
        }
      },
      "targets": [
        {
          "Library": {
            "crate_name": "proc_macro2",
            "crate_root": "src/lib.rs",
            "srcs": [
              "**/*.rs"
            ]
          }
        },
        {
          "BuildScript": {
            "crate_name": "build_script_build",
            "crate_root": "build.rs",
            "srcs": [
              "**/*.rs"
            ]
          }
        }
      ],
      "library_target_name": "proc_macro2",
      "common_attrs": {
        "compile_data_glob": [
          "**"
        ],
        "crate_features": {
          "common": [
            "default",
            "proc-macro"
          ],
          "selects": {}
        },
        "deps": {
          "common": [
            {
              "id": "proc-macro2 1.0.70",
              "target": "build_script_build"
            },
            {
              "id": "unicode-ident 1.0.12",
              "target": "unicode_ident"
            }
          ],
          "selects": {}
        },
        "edition": "2021",
        "version": "1.0.70"
      },
      "build_script_attrs": {
        "data_glob": [
          "**"
        ]
      },
      "license": "MIT OR Apache-2.0"
    },
    "quote 1.0.33": {
      "name": "quote",
      "version": "1.0.33",
      "repository": {
        "Http": {
          "url": "https://crates.io/api/v1/crates/quote/1.0.33/download",
          "sha256": "5267fca4496028628a95160fc423a33e8b2e6af8a5302579e322e4b520293cae"
        }
      },
      "targets": [
        {
          "Library": {
            "crate_name": "quote",
            "crate_root": "src/lib.rs",
            "srcs": [
              "**/*.rs"
            ]
          }
        }
      ],
      "library_target_name": "quote",
      "common_attrs": {
        "compile_data_glob": [
          "**"
        ],
        "crate_features": {
          "common": [
            "default",
            "proc-macro"
          ],
          "selects": {}
        },
        "deps": {
          "common": [
            {
              "id": "proc-macro2 1.0.70",
              "target": "proc_macro2"
            }
          ],
          "selects": {}
        },
        "edition": "2018",
        "version": "1.0.33"
      },
      "license": "MIT OR Apache-2.0"
    },
    "rs_yaml_parser_with_test 0.1.0": {
      "name": "rs_yaml_parser_with_test",
      "version": "0.1.0",
      "repository": null,
      "targets": [],
      "library_target_name": null,
      "common_attrs": {
        "compile_data_glob": [
          "**"
        ],
        "deps": {
          "common": [
            {
              "id": "clap 4.4.11",
              "target": "clap"
            },
            {
              "id": "yaml-rust 0.4.5",
              "target": "yaml_rust"
            }
          ],
          "selects": {}
        },
        "edition": "2021",
        "version": "0.1.0"
      },
      "license": null
    },
    "strsim 0.10.0": {
      "name": "strsim",
      "version": "0.10.0",
      "repository": {
        "Http": {
          "url": "https://crates.io/api/v1/crates/strsim/0.10.0/download",
          "sha256": "73473c0e59e6d5812c5dfe2a064a6444949f089e20eec9a2e5506596494e4623"
        }
      },
      "targets": [
        {
          "Library": {
            "crate_name": "strsim",
            "crate_root": "src/lib.rs",
            "srcs": [
              "**/*.rs"
            ]
          }
        }
      ],
      "library_target_name": "strsim",
      "common_attrs": {
        "compile_data_glob": [
          "**"
        ],
        "edition": "2015",
        "version": "0.10.0"
      },
      "license": "MIT"
    },
    "syn 2.0.41": {
      "name": "syn",
      "version": "2.0.41",
      "repository": {
        "Http": {
          "url": "https://crates.io/api/v1/crates/syn/2.0.41/download",
          "sha256": "44c8b28c477cc3bf0e7966561e3460130e1255f7a1cf71931075f1c5e7a7e269"
        }
      },
      "targets": [
        {
          "Library": {
            "crate_name": "syn",
            "crate_root": "src/lib.rs",
            "srcs": [
              "**/*.rs"
            ]
          }
        }
      ],
      "library_target_name": "syn",
      "common_attrs": {
        "compile_data_glob": [
          "**"
        ],
        "crate_features": {
          "common": [
            "clone-impls",
            "default",
            "derive",
            "full",
            "parsing",
            "printing",
            "proc-macro",
            "quote"
          ],
          "selects": {}
        },
        "deps": {
          "common": [
            {
              "id": "proc-macro2 1.0.70",
              "target": "proc_macro2"
            },
            {
              "id": "quote 1.0.33",
              "target": "quote"
            },
            {
              "id": "unicode-ident 1.0.12",
              "target": "unicode_ident"
            }
          ],
          "selects": {}
        },
        "edition": "2021",
        "version": "2.0.41"
      },
      "license": "MIT OR Apache-2.0"
    },
    "unicode-ident 1.0.12": {
      "name": "unicode-ident",
      "version": "1.0.12",
      "repository": {
        "Http": {
          "url": "https://crates.io/api/v1/crates/unicode-ident/1.0.12/download",
          "sha256": "3354b9ac3fae1ff6755cb6db53683adb661634f67557942dea4facebec0fee4b"
        }
      },
      "targets": [
        {
          "Library": {
            "crate_name": "unicode_ident",
            "crate_root": "src/lib.rs",
            "srcs": [
              "**/*.rs"
            ]
          }
        }
      ],
      "library_target_name": "unicode_ident",
      "common_attrs": {
        "compile_data_glob": [
          "**"
        ],
        "edition": "2018",
        "version": "1.0.12"
      },
      "license": "(MIT OR Apache-2.0) AND Unicode-DFS-2016"
    },
    "utf8parse 0.2.1": {
      "name": "utf8parse",
      "version": "0.2.1",
      "repository": {
        "Http": {
          "url": "https://crates.io/api/v1/crates/utf8parse/0.2.1/download",
          "sha256": "711b9620af191e0cdc7468a8d14e709c3dcdb115b36f838e601583af800a370a"
        }
      },
      "targets": [
        {
          "Library": {
            "crate_name": "utf8parse",
            "crate_root": "src/lib.rs",
            "srcs": [
              "**/*.rs"
            ]
          }
        }
      ],
      "library_target_name": "utf8parse",
      "common_attrs": {
        "compile_data_glob": [
          "**"
        ],
        "crate_features": {
          "common": [
            "default"
          ],
          "selects": {}
        },
        "edition": "2018",
        "version": "0.2.1"
      },
      "license": "Apache-2.0 OR MIT"
    },
    "windows-sys 0.52.0": {
      "name": "windows-sys",
      "version": "0.52.0",
      "repository": {
        "Http": {
          "url": "https://crates.io/api/v1/crates/windows-sys/0.52.0/download",
          "sha256": "282be5f36a8ce781fad8c8ae18fa3f9beff57ec1b52cb3de0789201425d9a33d"
        }
      },
      "targets": [
        {
          "Library": {
            "crate_name": "windows_sys",
            "crate_root": "src/lib.rs",
            "srcs": [
              "**/*.rs"
            ]
          }
        }
      ],
      "library_target_name": "windows_sys",
      "common_attrs": {
        "compile_data_glob": [
          "**"
        ],
        "crate_features": {
          "common": [
            "Win32",
            "Win32_Foundation",
            "Win32_System",
            "Win32_System_Console",
            "default"
          ],
          "selects": {}
        },
        "deps": {
          "common": [
            {
              "id": "windows-targets 0.52.0",
              "target": "windows_targets"
            }
          ],
          "selects": {}
        },
        "edition": "2021",
        "version": "0.52.0"
      },
      "license": "MIT OR Apache-2.0"
    },
    "windows-targets 0.52.0": {
      "name": "windows-targets",
      "version": "0.52.0",
      "repository": {
        "Http": {
          "url": "https://crates.io/api/v1/crates/windows-targets/0.52.0/download",
          "sha256": "8a18201040b24831fbb9e4eb208f8892e1f50a37feb53cc7ff887feb8f50e7cd"
        }
      },
      "targets": [
        {
          "Library": {
            "crate_name": "windows_targets",
            "crate_root": "src/lib.rs",
            "srcs": [
              "**/*.rs"
            ]
          }
        }
      ],
      "library_target_name": "windows_targets",
      "common_attrs": {
        "compile_data_glob": [
          "**"
        ],
        "deps": {
          "common": [],
          "selects": {
            "aarch64-pc-windows-gnullvm": [
              {
                "id": "windows_aarch64_gnullvm 0.52.0",
                "target": "windows_aarch64_gnullvm"
              }
            ],
            "cfg(all(target_arch = \"aarch64\", target_env = \"msvc\", not(windows_raw_dylib)))": [
              {
                "id": "windows_aarch64_msvc 0.52.0",
                "target": "windows_aarch64_msvc"
              }
            ],
            "cfg(all(target_arch = \"x86\", target_env = \"gnu\", not(windows_raw_dylib)))": [
              {
                "id": "windows_i686_gnu 0.52.0",
                "target": "windows_i686_gnu"
              }
            ],
            "cfg(all(target_arch = \"x86\", target_env = \"msvc\", not(windows_raw_dylib)))": [
              {
                "id": "windows_i686_msvc 0.52.0",
                "target": "windows_i686_msvc"
              }
            ],
            "cfg(all(target_arch = \"x86_64\", target_env = \"gnu\", not(target_abi = \"llvm\"), not(windows_raw_dylib)))": [
              {
                "id": "windows_x86_64_gnu 0.52.0",
                "target": "windows_x86_64_gnu"
              }
            ],
            "cfg(all(target_arch = \"x86_64\", target_env = \"msvc\", not(windows_raw_dylib)))": [
              {
                "id": "windows_x86_64_msvc 0.52.0",
                "target": "windows_x86_64_msvc"
              }
            ],
            "x86_64-pc-windows-gnullvm": [
              {
                "id": "windows_x86_64_gnullvm 0.52.0",
                "target": "windows_x86_64_gnullvm"
              }
            ]
          }
        },
        "edition": "2021",
        "version": "0.52.0"
      },
      "license": "MIT OR Apache-2.0"
    },
    "windows_aarch64_gnullvm 0.52.0": {
      "name": "windows_aarch64_gnullvm",
      "version": "0.52.0",
      "repository": {
        "Http": {
          "url": "https://crates.io/api/v1/crates/windows_aarch64_gnullvm/0.52.0/download",
          "sha256": "cb7764e35d4db8a7921e09562a0304bf2f93e0a51bfccee0bd0bb0b666b015ea"
        }
      },
      "targets": [
        {
          "Library": {
            "crate_name": "windows_aarch64_gnullvm",
            "crate_root": "src/lib.rs",
            "srcs": [
              "**/*.rs"
            ]
          }
        },
        {
          "BuildScript": {
            "crate_name": "build_script_build",
            "crate_root": "build.rs",
            "srcs": [
              "**/*.rs"
            ]
          }
        }
      ],
      "library_target_name": "windows_aarch64_gnullvm",
      "common_attrs": {
        "compile_data_glob": [
          "**"
        ],
        "deps": {
          "common": [
            {
              "id": "windows_aarch64_gnullvm 0.52.0",
              "target": "build_script_build"
            }
          ],
          "selects": {}
        },
        "edition": "2021",
        "version": "0.52.0"
      },
      "build_script_attrs": {
        "data_glob": [
          "**"
        ]
      },
      "license": "MIT OR Apache-2.0"
    },
    "windows_aarch64_msvc 0.52.0": {
      "name": "windows_aarch64_msvc",
      "version": "0.52.0",
      "repository": {
        "Http": {
          "url": "https://crates.io/api/v1/crates/windows_aarch64_msvc/0.52.0/download",
          "sha256": "bbaa0368d4f1d2aaefc55b6fcfee13f41544ddf36801e793edbbfd7d7df075ef"
        }
      },
      "targets": [
        {
          "Library": {
            "crate_name": "windows_aarch64_msvc",
            "crate_root": "src/lib.rs",
            "srcs": [
              "**/*.rs"
            ]
          }
        },
        {
          "BuildScript": {
            "crate_name": "build_script_build",
            "crate_root": "build.rs",
            "srcs": [
              "**/*.rs"
            ]
          }
        }
      ],
      "library_target_name": "windows_aarch64_msvc",
      "common_attrs": {
        "compile_data_glob": [
          "**"
        ],
        "deps": {
          "common": [
            {
              "id": "windows_aarch64_msvc 0.52.0",
              "target": "build_script_build"
            }
          ],
          "selects": {}
        },
        "edition": "2021",
        "version": "0.52.0"
      },
      "build_script_attrs": {
        "data_glob": [
          "**"
        ]
      },
      "license": "MIT OR Apache-2.0"
    },
    "windows_i686_gnu 0.52.0": {
      "name": "windows_i686_gnu",
      "version": "0.52.0",
      "repository": {
        "Http": {
          "url": "https://crates.io/api/v1/crates/windows_i686_gnu/0.52.0/download",
          "sha256": "a28637cb1fa3560a16915793afb20081aba2c92ee8af57b4d5f28e4b3e7df313"
        }
      },
      "targets": [
        {
          "Library": {
            "crate_name": "windows_i686_gnu",
            "crate_root": "src/lib.rs",
            "srcs": [
              "**/*.rs"
            ]
          }
        },
        {
          "BuildScript": {
            "crate_name": "build_script_build",
            "crate_root": "build.rs",
            "srcs": [
              "**/*.rs"
            ]
          }
        }
      ],
      "library_target_name": "windows_i686_gnu",
      "common_attrs": {
        "compile_data_glob": [
          "**"
        ],
        "deps": {
          "common": [
            {
              "id": "windows_i686_gnu 0.52.0",
              "target": "build_script_build"
            }
          ],
          "selects": {}
        },
        "edition": "2021",
        "version": "0.52.0"
      },
      "build_script_attrs": {
        "data_glob": [
          "**"
        ]
      },
      "license": "MIT OR Apache-2.0"
    },
    "windows_i686_msvc 0.52.0": {
      "name": "windows_i686_msvc",
      "version": "0.52.0",
      "repository": {
        "Http": {
          "url": "https://crates.io/api/v1/crates/windows_i686_msvc/0.52.0/download",
          "sha256": "ffe5e8e31046ce6230cc7215707b816e339ff4d4d67c65dffa206fd0f7aa7b9a"
        }
      },
      "targets": [
        {
          "Library": {
            "crate_name": "windows_i686_msvc",
            "crate_root": "src/lib.rs",
            "srcs": [
              "**/*.rs"
            ]
          }
        },
        {
          "BuildScript": {
            "crate_name": "build_script_build",
            "crate_root": "build.rs",
            "srcs": [
              "**/*.rs"
            ]
          }
        }
      ],
      "library_target_name": "windows_i686_msvc",
      "common_attrs": {
        "compile_data_glob": [
          "**"
        ],
        "deps": {
          "common": [
            {
              "id": "windows_i686_msvc 0.52.0",
              "target": "build_script_build"
            }
          ],
          "selects": {}
        },
        "edition": "2021",
        "version": "0.52.0"
      },
      "build_script_attrs": {
        "data_glob": [
          "**"
        ]
      },
      "license": "MIT OR Apache-2.0"
    },
    "windows_x86_64_gnu 0.52.0": {
      "name": "windows_x86_64_gnu",
      "version": "0.52.0",
      "repository": {
        "Http": {
          "url": "https://crates.io/api/v1/crates/windows_x86_64_gnu/0.52.0/download",
          "sha256": "3d6fa32db2bc4a2f5abeacf2b69f7992cd09dca97498da74a151a3132c26befd"
        }
      },
      "targets": [
        {
          "Library": {
            "crate_name": "windows_x86_64_gnu",
            "crate_root": "src/lib.rs",
            "srcs": [
              "**/*.rs"
            ]
          }
        },
        {
          "BuildScript": {
            "crate_name": "build_script_build",
            "crate_root": "build.rs",
            "srcs": [
              "**/*.rs"
            ]
          }
        }
      ],
      "library_target_name": "windows_x86_64_gnu",
      "common_attrs": {
        "compile_data_glob": [
          "**"
        ],
        "deps": {
          "common": [
            {
              "id": "windows_x86_64_gnu 0.52.0",
              "target": "build_script_build"
            }
          ],
          "selects": {}
        },
        "edition": "2021",
        "version": "0.52.0"
      },
      "build_script_attrs": {
        "data_glob": [
          "**"
        ]
      },
      "license": "MIT OR Apache-2.0"
    },
    "windows_x86_64_gnullvm 0.52.0": {
      "name": "windows_x86_64_gnullvm",
      "version": "0.52.0",
      "repository": {
        "Http": {
          "url": "https://crates.io/api/v1/crates/windows_x86_64_gnullvm/0.52.0/download",
          "sha256": "1a657e1e9d3f514745a572a6846d3c7aa7dbe1658c056ed9c3344c4109a6949e"
        }
      },
      "targets": [
        {
          "Library": {
            "crate_name": "windows_x86_64_gnullvm",
            "crate_root": "src/lib.rs",
            "srcs": [
              "**/*.rs"
            ]
          }
        },
        {
          "BuildScript": {
            "crate_name": "build_script_build",
            "crate_root": "build.rs",
            "srcs": [
              "**/*.rs"
            ]
          }
        }
      ],
      "library_target_name": "windows_x86_64_gnullvm",
      "common_attrs": {
        "compile_data_glob": [
          "**"
        ],
        "deps": {
          "common": [
            {
              "id": "windows_x86_64_gnullvm 0.52.0",
              "target": "build_script_build"
            }
          ],
          "selects": {}
        },
        "edition": "2021",
        "version": "0.52.0"
      },
      "build_script_attrs": {
        "data_glob": [
          "**"
        ]
      },
      "license": "MIT OR Apache-2.0"
    },
    "windows_x86_64_msvc 0.52.0": {
      "name": "windows_x86_64_msvc",
      "version": "0.52.0",
      "repository": {
        "Http": {
          "url": "https://crates.io/api/v1/crates/windows_x86_64_msvc/0.52.0/download",
          "sha256": "dff9641d1cd4be8d1a070daf9e3773c5f67e78b4d9d42263020c057706765c04"
        }
      },
      "targets": [
        {
          "Library": {
            "crate_name": "windows_x86_64_msvc",
            "crate_root": "src/lib.rs",
            "srcs": [
              "**/*.rs"
            ]
          }
        },
        {
          "BuildScript": {
            "crate_name": "build_script_build",
            "crate_root": "build.rs",
            "srcs": [
              "**/*.rs"
            ]
          }
        }
      ],
      "library_target_name": "windows_x86_64_msvc",
      "common_attrs": {
        "compile_data_glob": [
          "**"
        ],
        "deps": {
          "common": [
            {
              "id": "windows_x86_64_msvc 0.52.0",
              "target": "build_script_build"
            }
          ],
          "selects": {}
        },
        "edition": "2021",
        "version": "0.52.0"
      },
      "build_script_attrs": {
        "data_glob": [
          "**"
        ]
      },
      "license": "MIT OR Apache-2.0"
    },
    "yaml-rust 0.4.5": {
      "name": "yaml-rust",
      "version": "0.4.5",
      "repository": {
        "Http": {
          "url": "https://crates.io/api/v1/crates/yaml-rust/0.4.5/download",
          "sha256": "56c1936c4cc7a1c9ab21a1ebb602eb942ba868cbd44a99cb7cdc5892335e1c85"
        }
      },
      "targets": [
        {
          "Library": {
            "crate_name": "yaml_rust",
            "crate_root": "src/lib.rs",
            "srcs": [
              "**/*.rs"
            ]
          }
        }
      ],
      "library_target_name": "yaml_rust",
      "common_attrs": {
        "compile_data_glob": [
          "**"
        ],
        "deps": {
          "common": [
            {
              "id": "linked-hash-map 0.5.6",
              "target": "linked_hash_map"
            }
          ],
          "selects": {}
        },
        "edition": "2018",
        "version": "0.4.5"
      },
      "license": "MIT/Apache-2.0"
    }
  },
  "binary_crates": [],
  "workspace_members": {
    "rs_yaml_parser_with_test 0.1.0": "rs_yaml_parser_with_test"
  },
  "conditions": {
    "aarch64-apple-darwin": [
      "aarch64-apple-darwin"
    ],
    "aarch64-apple-ios": [
      "aarch64-apple-ios"
    ],
    "aarch64-apple-ios-sim": [
      "aarch64-apple-ios-sim"
    ],
    "aarch64-fuchsia": [
      "aarch64-fuchsia"
    ],
    "aarch64-linux-android": [
      "aarch64-linux-android"
    ],
    "aarch64-pc-windows-gnullvm": [],
    "aarch64-pc-windows-msvc": [
      "aarch64-pc-windows-msvc"
    ],
    "aarch64-unknown-linux-gnu": [
      "aarch64-unknown-linux-gnu",
      "aarch64-unknown-nixos-gnu"
    ],
    "aarch64-unknown-nto-qnx710": [
      "aarch64-unknown-nto-qnx710"
    ],
    "arm-unknown-linux-gnueabi": [
      "arm-unknown-linux-gnueabi"
    ],
    "armv7-linux-androideabi": [
      "armv7-linux-androideabi"
    ],
    "armv7-unknown-linux-gnueabi": [
      "armv7-unknown-linux-gnueabi"
    ],
    "cfg(all(target_arch = \"aarch64\", target_env = \"msvc\", not(windows_raw_dylib)))": [
      "aarch64-pc-windows-msvc"
    ],
    "cfg(all(target_arch = \"x86\", target_env = \"gnu\", not(windows_raw_dylib)))": [
      "i686-unknown-linux-gnu"
    ],
    "cfg(all(target_arch = \"x86\", target_env = \"msvc\", not(windows_raw_dylib)))": [
      "i686-pc-windows-msvc"
    ],
    "cfg(all(target_arch = \"x86_64\", target_env = \"gnu\", not(target_abi = \"llvm\"), not(windows_raw_dylib)))": [
      "x86_64-unknown-linux-gnu",
      "x86_64-unknown-nixos-gnu"
    ],
    "cfg(all(target_arch = \"x86_64\", target_env = \"msvc\", not(windows_raw_dylib)))": [
      "x86_64-pc-windows-msvc"
    ],
    "cfg(windows)": [
      "aarch64-pc-windows-msvc",
      "i686-pc-windows-msvc",
      "x86_64-pc-windows-msvc"
    ],
    "i686-apple-darwin": [
      "i686-apple-darwin"
    ],
    "i686-linux-android": [
      "i686-linux-android"
    ],
    "i686-pc-windows-msvc": [
      "i686-pc-windows-msvc"
    ],
    "i686-unknown-freebsd": [
      "i686-unknown-freebsd"
    ],
    "i686-unknown-linux-gnu": [
      "i686-unknown-linux-gnu"
    ],
    "powerpc-unknown-linux-gnu": [
      "powerpc-unknown-linux-gnu"
    ],
    "riscv32imc-unknown-none-elf": [
      "riscv32imc-unknown-none-elf"
    ],
    "riscv64gc-unknown-none-elf": [
      "riscv64gc-unknown-none-elf"
    ],
    "s390x-unknown-linux-gnu": [
      "s390x-unknown-linux-gnu"
    ],
    "thumbv7em-none-eabi": [
      "thumbv7em-none-eabi"
    ],
    "thumbv8m.main-none-eabi": [
      "thumbv8m.main-none-eabi"
    ],
    "wasm32-unknown-unknown": [
      "wasm32-unknown-unknown"
    ],
    "wasm32-wasi": [
      "wasm32-wasi"
    ],
    "x86_64-apple-darwin": [
      "x86_64-apple-darwin"
    ],
    "x86_64-apple-ios": [
      "x86_64-apple-ios"
    ],
    "x86_64-fuchsia": [
      "x86_64-fuchsia"
    ],
    "x86_64-linux-android": [
      "x86_64-linux-android"
    ],
    "x86_64-pc-windows-gnullvm": [],
    "x86_64-pc-windows-msvc": [
      "x86_64-pc-windows-msvc"
    ],
    "x86_64-unknown-freebsd": [
      "x86_64-unknown-freebsd"
    ],
    "x86_64-unknown-linux-gnu": [
      "x86_64-unknown-linux-gnu",
      "x86_64-unknown-nixos-gnu"
    ],
    "x86_64-unknown-none": [
      "x86_64-unknown-none"
    ]
  },
  "direct_deps": [
    "clap 4.4.11",
    "yaml-rust 0.4.5"
  ],
  "direct_dev_deps": []
}
